
Microsoft Visual Studio Solution File, Format Version 12.00
# Visual Studio Version 16
VisualStudioVersion = 16.0.31205.134
MinimumVisualStudioVersion = 10.0.40219.1
Project("{FAE04EC0-301F-11D3-BF4B-00C04F79EFBC}") = "WpfApp1", "WpfApp1.csproj", "{182A85C7-C7D6-410C-8BC8-357E08EFBAFD}"
EndProject
Global
	GlobalSection(SolutionConfigurationPlatforms) = preSolution
		Debug|Any CPU = Debug|Any CPU
		Release|Any CPU = Release|Any CPU
	EndGlobalSection
	GlobalSection(ProjectConfigurationPlatforms) = postSolution
		{182A85C7-C7D6-410C-8BC8-357E08EFBAFD}.Debug|Any CPU.ActiveCfg = Debug|Any CPU
		{182A85C7-C7D6-410C-8BC8-357E08EFBAFD}.Debug|Any CPU.Build.0 = Debug|Any CPU
		{182A85C7-C7D6-410C-8BC8-357E08EFBAFD}.Release|Any CPU.ActiveCfg = Release|Any CPU
		{182A85C7-C7D6-410C-8BC8-357E08EFBAFD}.Release|Any CPU.Build.0 = Release|Any CPU
	EndGlobalSection
	GlobalSection(SolutionProperties) = preSolution
		HideSolutionNode = FALSE
	EndGlobalSection
	GlobalSection(ExtensibilityGlobals) = postSolution
		SolutionGuid = {14B72DA2-38A9-45C7-B837-3DB8D71FB759}
	EndGlobalSection
EndGlobal
